{
  "lockfileVersion": 1,
  "workspaces": {
    "": {
      "name": "publisher",
      "dependencies": {
        "redis": "^5.6.0",
      },
      "devDependencies": {
        "@types/bun": "latest",
      },
      "peerDependencies": {
        "typescript": "^5",
      },
    },
  },
  "packages": {
    "@redis/bloom": ["@redis/bloom@5.6.0", "", { "peerDependencies": { "@redis/client": "^5.6.0" } }, "sha512-l13/d6BaZDJzogzZJEphIeZ8J0hpQpjkMiozomTm6nJiMNYkoPsNOBOOQua4QsG0fFjyPmLMDJFPAp5FBQtTXg=="],

    "@redis/client": ["@redis/client@5.6.0", "", { "dependencies": { "cluster-key-slot": "1.1.2" } }, "sha512-wmP9kCFElCSr4MM4+1E4VckDuN4wLtiXSM/J0rKVQppajxQhowci89RGZr2OdLualowb8SRJ/R6OjsXrn9ZNFA=="],

    "@redis/json": ["@redis/json@5.6.0", "", { "peerDependencies": { "@redis/client": "^5.6.0" } }, "sha512-YQN9ZqaSDpdLfJqwzcF4WeuJMGru/h4WsV7GeeNtXsSeyQjHTyDxrd48xXfRRJGv7HitA7zGnzdHplNeKOgrZA=="],

    "@redis/search": ["@redis/search@5.6.0", "", { "peerDependencies": { "@redis/client": "^5.6.0" } }, "sha512-sLgQl92EyMVNHtri5K8Q0j2xt9c0cO9HYurXz667Un4xeUYR+B/Dw5lLG35yqO7VvVxb9amHJo9sAWumkKZYwA=="],

    "@redis/time-series": ["@redis/time-series@5.6.0", "", { "peerDependencies": { "@redis/client": "^5.6.0" } }, "sha512-tXABmN1vu4aTNL3WI4Iolpvx/5jgil2Bs31ozvKblT+jkUoRkk8ykmYo9Pv/Mp7Gk6/Qkr/2rMgVminrt/4BBQ=="],

    "@types/bun": ["@types/bun@1.2.18", "", { "dependencies": { "bun-types": "1.2.18" } }, "sha512-Xf6RaWVheyemaThV0kUfaAUvCNokFr+bH8Jxp+tTZfx7dAPA8z9ePnP9S9+Vspzuxxx9JRAXhnyccRj3GyCMdQ=="],

    "@types/node": ["@types/node@24.0.14", "", { "dependencies": { "undici-types": "~7.8.0" } }, "sha512-4zXMWD91vBLGRtHK3YbIoFMia+1nqEz72coM42C5ETjnNCa/heoj7NT1G67iAfOqMmcfhuCZ4uNpyz8EjlAejw=="],

    "@types/react": ["@types/react@19.1.8", "", { "dependencies": { "csstype": "^3.0.2" } }, "sha512-AwAfQ2Wa5bCx9WP8nZL2uMZWod7J7/JSplxbTmBQ5ms6QpqNYm672H0Vu9ZVKVngQ+ii4R/byguVEUZQyeg44g=="],

    "bun-types": ["bun-types@1.2.18", "", { "dependencies": { "@types/node": "*" }, "peerDependencies": { "@types/react": "^19" } }, "sha512-04+Eha5NP7Z0A9YgDAzMk5PHR16ZuLVa83b26kH5+cp1qZW4F6FmAURngE7INf4tKOvCE69vYvDEwoNl1tGiWw=="],

    "cluster-key-slot": ["cluster-key-slot@1.1.2", "", {}, "sha512-RMr0FhtfXemyinomL4hrWcYJxmX6deFdCxpJzhDttxgO1+bcCnkk+9drydLVDmAMG7NE6aN/fl4F7ucU/90gAA=="],

    "csstype": ["csstype@3.1.3", "", {}, "sha512-M1uQkMl8rQK/szD0LNhtqxIPLpimGm8sOBwU7lLnCpSbTyY3yeU1Vc7l4KT5zT4s/yOxHH5O7tIuuLOCnLADRw=="],

    "redis": ["redis@5.6.0", "", { "dependencies": { "@redis/bloom": "5.6.0", "@redis/client": "5.6.0", "@redis/json": "5.6.0", "@redis/search": "5.6.0", "@redis/time-series": "5.6.0" } }, "sha512-0x3pM3SlYA5azdNwO8qgfMBzoOqSqr9M+sd1hojbcn0ZDM5zsmKeMM+zpTp6LIY+mbQomIc/RTTQKuBzr8QKzQ=="],

    "typescript": ["typescript@5.8.3", "", { "bin": { "tsc": "bin/tsc", "tsserver": "bin/tsserver" } }, "sha512-p1diW6TqL9L07nNxvRMM7hMMw4c5XOo/1ibL4aAIGmSAt9slTE1Xgw5KWuof2uTOvCg9BY7ZRi+GaF+7sfgPeQ=="],

    "undici-types": ["undici-types@7.8.0", "", {}, "sha512-9UJ2xGDvQ43tYyVMpuHlsgApydB8ZKfVYTsLDhXkFL/6gfkp+U8xTGdh8pMJv1SpZna0zxG1DwsKZsreLbXBxw=="],
  }
}
