{
  "lockfileVersion": 1,
  "workspaces": {
    "": {
      "name": "publisher",
      "dependencies": {
        "@prisma/client": "^6.12.0",
        "prisma": "^6.12.0",
        "redis": "^5.6.0",
      },
      "devDependencies": {
        "@types/bun": "latest",
      },
      "peerDependencies": {
        "typescript": "^5",
      },
    },
  },
  "packages": {
    "@prisma/client": ["@prisma/client@6.12.0", "", { "peerDependencies": { "prisma": "*", "typescript": ">=5.1.0" }, "optionalPeers": ["prisma", "typescript"] }, "sha512-wn98bJ3Cj6edlF4jjpgXwbnQIo/fQLqqQHPk2POrZPxTlhY3+n90SSIF3LMRVa8VzRFC/Gec3YKJRxRu+AIGVA=="],

    "@prisma/config": ["@prisma/config@6.12.0", "", { "dependencies": { "jiti": "2.4.2" } }, "sha512-HovZWzhWEMedHxmjefQBRZa40P81N7/+74khKFz9e1AFjakcIQdXgMWKgt20HaACzY+d1LRBC+L4tiz71t9fkg=="],

    "@prisma/debug": ["@prisma/debug@6.12.0", "", {}, "sha512-plbz6z72orcqr0eeio7zgUrZj5EudZUpAeWkFTA/DDdXEj28YHDXuiakvR6S7sD6tZi+jiwQEJAPeV6J6m/tEQ=="],

    "@prisma/engines": ["@prisma/engines@6.12.0", "", { "dependencies": { "@prisma/debug": "6.12.0", "@prisma/engines-version": "6.12.0-15.8047c96bbd92db98a2abc7c9323ce77c02c89dbc", "@prisma/fetch-engine": "6.12.0", "@prisma/get-platform": "6.12.0" } }, "sha512-4BRZZUaAuB4p0XhTauxelvFs7IllhPmNLvmla0bO1nkECs8n/o1pUvAVbQ/VOrZR5DnF4HED0PrGai+rIOVePA=="],

    "@prisma/engines-version": ["@prisma/engines-version@6.12.0-15.8047c96bbd92db98a2abc7c9323ce77c02c89dbc", "", {}, "sha512-70vhecxBJlRr06VfahDzk9ow4k1HIaSfVUT3X0/kZoHCMl9zbabut4gEXAyzJZxaCGi5igAA7SyyfBI//mmkbQ=="],

    "@prisma/fetch-engine": ["@prisma/fetch-engine@6.12.0", "", { "dependencies": { "@prisma/debug": "6.12.0", "@prisma/engines-version": "6.12.0-15.8047c96bbd92db98a2abc7c9323ce77c02c89dbc", "@prisma/get-platform": "6.12.0" } }, "sha512-EamoiwrK46rpWaEbLX9aqKDPOd8IyLnZAkiYXFNuq0YsU0Z8K09/rH8S7feOWAVJ3xzeSgcEJtBlVDrajM9Sag=="],

    "@prisma/get-platform": ["@prisma/get-platform@6.12.0", "", { "dependencies": { "@prisma/debug": "6.12.0" } }, "sha512-nRerTGhTlgyvcBlyWgt8OLNIV7QgJS2XYXMJD1hysorMCuLAjuDDuoxmVt7C2nLxbuxbWPp7OuFRHC23HqD9dA=="],

    "@redis/bloom": ["@redis/bloom@5.6.0", "", { "peerDependencies": { "@redis/client": "^5.6.0" } }, "sha512-l13/d6BaZDJzogzZJEphIeZ8J0hpQpjkMiozomTm6nJiMNYkoPsNOBOOQua4QsG0fFjyPmLMDJFPAp5FBQtTXg=="],

    "@redis/client": ["@redis/client@5.6.0", "", { "dependencies": { "cluster-key-slot": "1.1.2" } }, "sha512-wmP9kCFElCSr4MM4+1E4VckDuN4wLtiXSM/J0rKVQppajxQhowci89RGZr2OdLualowb8SRJ/R6OjsXrn9ZNFA=="],

    "@redis/json": ["@redis/json@5.6.0", "", { "peerDependencies": { "@redis/client": "^5.6.0" } }, "sha512-YQN9ZqaSDpdLfJqwzcF4WeuJMGru/h4WsV7GeeNtXsSeyQjHTyDxrd48xXfRRJGv7HitA7zGnzdHplNeKOgrZA=="],

    "@redis/search": ["@redis/search@5.6.0", "", { "peerDependencies": { "@redis/client": "^5.6.0" } }, "sha512-sLgQl92EyMVNHtri5K8Q0j2xt9c0cO9HYurXz667Un4xeUYR+B/Dw5lLG35yqO7VvVxb9amHJo9sAWumkKZYwA=="],

    "@redis/time-series": ["@redis/time-series@5.6.0", "", { "peerDependencies": { "@redis/client": "^5.6.0" } }, "sha512-tXABmN1vu4aTNL3WI4Iolpvx/5jgil2Bs31ozvKblT+jkUoRkk8ykmYo9Pv/Mp7Gk6/Qkr/2rMgVminrt/4BBQ=="],

    "@types/bun": ["@types/bun@1.2.18", "", { "dependencies": { "bun-types": "1.2.18" } }, "sha512-Xf6RaWVheyemaThV0kUfaAUvCNokFr+bH8Jxp+tTZfx7dAPA8z9ePnP9S9+Vspzuxxx9JRAXhnyccRj3GyCMdQ=="],

    "@types/node": ["@types/node@24.0.14", "", { "dependencies": { "undici-types": "~7.8.0" } }, "sha512-4zXMWD91vBLGRtHK3YbIoFMia+1nqEz72coM42C5ETjnNCa/heoj7NT1G67iAfOqMmcfhuCZ4uNpyz8EjlAejw=="],

    "@types/react": ["@types/react@19.1.8", "", { "dependencies": { "csstype": "^3.0.2" } }, "sha512-AwAfQ2Wa5bCx9WP8nZL2uMZWod7J7/JSplxbTmBQ5ms6QpqNYm672H0Vu9ZVKVngQ+ii4R/byguVEUZQyeg44g=="],

    "bun-types": ["bun-types@1.2.18", "", { "dependencies": { "@types/node": "*" }, "peerDependencies": { "@types/react": "^19" } }, "sha512-04+Eha5NP7Z0A9YgDAzMk5PHR16ZuLVa83b26kH5+cp1qZW4F6FmAURngE7INf4tKOvCE69vYvDEwoNl1tGiWw=="],

    "cluster-key-slot": ["cluster-key-slot@1.1.2", "", {}, "sha512-RMr0FhtfXemyinomL4hrWcYJxmX6deFdCxpJzhDttxgO1+bcCnkk+9drydLVDmAMG7NE6aN/fl4F7ucU/90gAA=="],

    "csstype": ["csstype@3.1.3", "", {}, "sha512-M1uQkMl8rQK/szD0LNhtqxIPLpimGm8sOBwU7lLnCpSbTyY3yeU1Vc7l4KT5zT4s/yOxHH5O7tIuuLOCnLADRw=="],

    "jiti": ["jiti@2.4.2", "", { "bin": { "jiti": "lib/jiti-cli.mjs" } }, "sha512-rg9zJN+G4n2nfJl5MW3BMygZX56zKPNVEYYqq7adpmMh4Jn2QNEwhvQlFy6jPVdcod7txZtKHWnyZiA3a0zP7A=="],

    "prisma": ["prisma@6.12.0", "", { "dependencies": { "@prisma/config": "6.12.0", "@prisma/engines": "6.12.0" }, "peerDependencies": { "typescript": ">=5.1.0" }, "optionalPeers": ["typescript"], "bin": { "prisma": "build/index.js" } }, "sha512-pmV7NEqQej9WjizN6RSNIwf7Y+jeh9mY1JEX2WjGxJi4YZWexClhde1yz/FuvAM+cTwzchcMytu2m4I6wPkIzg=="],

    "redis": ["redis@5.6.0", "", { "dependencies": { "@redis/bloom": "5.6.0", "@redis/client": "5.6.0", "@redis/json": "5.6.0", "@redis/search": "5.6.0", "@redis/time-series": "5.6.0" } }, "sha512-0x3pM3SlYA5azdNwO8qgfMBzoOqSqr9M+sd1hojbcn0ZDM5zsmKeMM+zpTp6LIY+mbQomIc/RTTQKuBzr8QKzQ=="],

    "typescript": ["typescript@5.8.3", "", { "bin": { "tsc": "bin/tsc", "tsserver": "bin/tsserver" } }, "sha512-p1diW6TqL9L07nNxvRMM7hMMw4c5XOo/1ibL4aAIGmSAt9slTE1Xgw5KWuof2uTOvCg9BY7ZRi+GaF+7sfgPeQ=="],

    "undici-types": ["undici-types@7.8.0", "", {}, "sha512-9UJ2xGDvQ43tYyVMpuHlsgApydB8ZKfVYTsLDhXkFL/6gfkp+U8xTGdh8pMJv1SpZna0zxG1DwsKZsreLbXBxw=="],
  }
}
